
Microsoft Visual Studio Solution File, Format Version 12.00
# Visual Studio 15
VisualStudioVersion = 15.0.27130.2036
MinimumVisualStudioVersion = 10.0.40219.1
Project("{FAE04EC0-301F-11D3-BF4B-00C04F79EFBC}") = "SourcerProject", "SourcerProject\SourcerProject.csproj", "{408DB0D4-C832-414C-A949-6526FC98314C}"
EndProject
Global
	GlobalSection(SolutionConfigurationPlatforms) = preSolution
		Debug|Any CPU = Debug|Any CPU
		Release|Any CPU = Release|Any CPU
	EndGlobalSection
	GlobalSection(ProjectConfigurationPlatforms) = postSolution
		{408DB0D4-C832-414C-A949-6526FC98314C}.Debug|Any CPU.ActiveCfg = Debug|Any CPU
		{408DB0D4-C832-414C-A949-6526FC98314C}.Debug|Any CPU.Build.0 = Debug|Any CPU
		{408DB0D4-C832-414C-A949-6526FC98314C}.Release|Any CPU.ActiveCfg = Release|Any CPU
		{408DB0D4-C832-414C-A949-6526FC98314C}.Release|Any CPU.Build.0 = Release|Any CPU
	EndGlobalSection
	GlobalSection(SolutionProperties) = preSolution
		HideSolutionNode = FALSE
	EndGlobalSection
	GlobalSection(ExtensibilityGlobals) = postSolution
		SolutionGuid = {4F09B3B1-039D-405F-9E9B-E733366FC6BD}
	EndGlobalSection
EndGlobal
